
Microsoft Visual Studio Solution File, Format Version 12.00
# Visual Studio Version 17
VisualStudioVersion = 17.6.33829.357
MinimumVisualStudioVersion = 10.0.40219.1
Project("{9A19103F-16F7-4668-BE54-9A1E7A4F7556}") = "HarmonicAnalysisLib", "HarmonicAnalysisLib\HarmonicAnalysisLib.csproj", "{AD1939C2-FE2A-4E13-80CA-9504E8FEC8A4}"
EndProject
Project("{9A19103F-16F7-4668-BE54-9A1E7A4F7556}") = "HarmonicAnalysisLib.Tests", "HarmonicAnalysisLib.Tests\HarmonicAnalysisLib.Tests.csproj", "{825C1928-6BA4-40FC-9915-CEFAD776A6CE}"
EndProject
Project("{9A19103F-16F7-4668-BE54-9A1E7A4F7556}") = "AlgorithmLibrary", "AlgorithmLibrary\AlgorithmLibrary.csproj", "{9321DDC3-1F05-4170-B531-6591855227ED}"
EndProject
Project("{9A19103F-16F7-4668-BE54-9A1E7A4F7556}") = "NoteInputLib", "NoteInputLib\NoteInputLib.csproj", "{59B1DE43-95EC-4AF6-B1A6-50E7BC6BE0DA}"
EndProject
Project("{FAE04EC0-301F-11D3-BF4B-00C04F79EFBC}") = "MusicXMLLib", "MusicXMLLib\MusicXMLLib.csproj", "{9B84640E-D347-46A1-B02E-D13A48DF92D5}"
EndProject
Project("{FAE04EC0-301F-11D3-BF4B-00C04F79EFBC}") = "ScoreLibrary", "ScoreLibrary\ScoreLibrary.csproj", "{F83BCA38-6C94-4137-84D4-54E08ADED14F}"
EndProject
Project("{FAE04EC0-301F-11D3-BF4B-00C04F79EFBC}") = "TextMetricLib", "TextMetricLib\TextMetricLib.csproj", "{EDB17315-F8FC-481F-861E-3BFBC990D6AC}"
EndProject
Project("{FAE04EC0-301F-11D3-BF4B-00C04F79EFBC}") = "TextMetricUI", "TextMetricUI\TextMetricUI.csproj", "{DEDF4E09-D91A-4D7D-ACD1-A99603B44A97}"
EndProject
Project("{FAE04EC0-301F-11D3-BF4B-00C04F79EFBC}") = "TwoFormsCommunicating", "TwoFormsCommunicating\TwoFormsCommunicating.csproj", "{1E369FE8-1194-464B-B6A7-CED223041DAF}"
EndProject
Project("{FAE04EC0-301F-11D3-BF4B-00C04F79EFBC}") = "HarmonicAnalysisUI", "HarmonicAnalysisUI\HarmonicAnalysisUI.csproj", "{63AE479C-DA0C-4B90-91FC-8E0EE82FF502}"
EndProject
Project("{FAE04EC0-301F-11D3-BF4B-00C04F79EFBC}") = "HarmonicAnalysisCommonLib", "HarmonicAnalysisCommonLib\HarmonicAnalysisCommonLib.csproj", "{FB832E22-FC05-4C70-956B-5DD3C9BB27F5}"
EndProject
Global
	GlobalSection(SolutionConfigurationPlatforms) = preSolution
		Debug|Any CPU = Debug|Any CPU
		Debug|ARM64 = Debug|ARM64
		Debug|x64 = Debug|x64
		Debug|x86 = Debug|x86
		Release|Any CPU = Release|Any CPU
		Release|ARM64 = Release|ARM64
		Release|x64 = Release|x64
		Release|x86 = Release|x86
	EndGlobalSection
	GlobalSection(ProjectConfigurationPlatforms) = postSolution
		{AD1939C2-FE2A-4E13-80CA-9504E8FEC8A4}.Debug|Any CPU.ActiveCfg = Debug|Any CPU
		{AD1939C2-FE2A-4E13-80CA-9504E8FEC8A4}.Debug|Any CPU.Build.0 = Debug|Any CPU
		{AD1939C2-FE2A-4E13-80CA-9504E8FEC8A4}.Debug|ARM64.ActiveCfg = Debug|Any CPU
		{AD1939C2-FE2A-4E13-80CA-9504E8FEC8A4}.Debug|ARM64.Build.0 = Debug|Any CPU
		{AD1939C2-FE2A-4E13-80CA-9504E8FEC8A4}.Debug|x64.ActiveCfg = Debug|Any CPU
		{AD1939C2-FE2A-4E13-80CA-9504E8FEC8A4}.Debug|x64.Build.0 = Debug|Any CPU
		{AD1939C2-FE2A-4E13-80CA-9504E8FEC8A4}.Debug|x86.ActiveCfg = Debug|Any CPU
		{AD1939C2-FE2A-4E13-80CA-9504E8FEC8A4}.Debug|x86.Build.0 = Debug|Any CPU
		{AD1939C2-FE2A-4E13-80CA-9504E8FEC8A4}.Release|Any CPU.ActiveCfg = Release|Any CPU
		{AD1939C2-FE2A-4E13-80CA-9504E8FEC8A4}.Release|Any CPU.Build.0 = Release|Any CPU
		{AD1939C2-FE2A-4E13-80CA-9504E8FEC8A4}.Release|ARM64.ActiveCfg = Release|Any CPU
		{AD1939C2-FE2A-4E13-80CA-9504E8FEC8A4}.Release|ARM64.Build.0 = Release|Any CPU
		{AD1939C2-FE2A-4E13-80CA-9504E8FEC8A4}.Release|x64.ActiveCfg = Release|Any CPU
		{AD1939C2-FE2A-4E13-80CA-9504E8FEC8A4}.Release|x64.Build.0 = Release|Any CPU
		{AD1939C2-FE2A-4E13-80CA-9504E8FEC8A4}.Release|x86.ActiveCfg = Release|Any CPU
		{AD1939C2-FE2A-4E13-80CA-9504E8FEC8A4}.Release|x86.Build.0 = Release|Any CPU
		{825C1928-6BA4-40FC-9915-CEFAD776A6CE}.Debug|Any CPU.ActiveCfg = Debug|Any CPU
		{825C1928-6BA4-40FC-9915-CEFAD776A6CE}.Debug|Any CPU.Build.0 = Debug|Any CPU
		{825C1928-6BA4-40FC-9915-CEFAD776A6CE}.Debug|ARM64.ActiveCfg = Debug|Any CPU
		{825C1928-6BA4-40FC-9915-CEFAD776A6CE}.Debug|ARM64.Build.0 = Debug|Any CPU
		{825C1928-6BA4-40FC-9915-CEFAD776A6CE}.Debug|x64.ActiveCfg = Debug|Any CPU
		{825C1928-6BA4-40FC-9915-CEFAD776A6CE}.Debug|x64.Build.0 = Debug|Any CPU
		{825C1928-6BA4-40FC-9915-CEFAD776A6CE}.Debug|x86.ActiveCfg = Debug|Any CPU
		{825C1928-6BA4-40FC-9915-CEFAD776A6CE}.Debug|x86.Build.0 = Debug|Any CPU
		{825C1928-6BA4-40FC-9915-CEFAD776A6CE}.Release|Any CPU.ActiveCfg = Release|Any CPU
		{825C1928-6BA4-40FC-9915-CEFAD776A6CE}.Release|Any CPU.Build.0 = Release|Any CPU
		{825C1928-6BA4-40FC-9915-CEFAD776A6CE}.Release|ARM64.ActiveCfg = Release|Any CPU
		{825C1928-6BA4-40FC-9915-CEFAD776A6CE}.Release|ARM64.Build.0 = Release|Any CPU
		{825C1928-6BA4-40FC-9915-CEFAD776A6CE}.Release|x64.ActiveCfg = Release|Any CPU
		{825C1928-6BA4-40FC-9915-CEFAD776A6CE}.Release|x64.Build.0 = Release|Any CPU
		{825C1928-6BA4-40FC-9915-CEFAD776A6CE}.Release|x86.ActiveCfg = Release|Any CPU
		{825C1928-6BA4-40FC-9915-CEFAD776A6CE}.Release|x86.Build.0 = Release|Any CPU
		{9321DDC3-1F05-4170-B531-6591855227ED}.Debug|Any CPU.ActiveCfg = Debug|Any CPU
		{9321DDC3-1F05-4170-B531-6591855227ED}.Debug|Any CPU.Build.0 = Debug|Any CPU
		{9321DDC3-1F05-4170-B531-6591855227ED}.Debug|ARM64.ActiveCfg = Debug|Any CPU
		{9321DDC3-1F05-4170-B531-6591855227ED}.Debug|ARM64.Build.0 = Debug|Any CPU
		{9321DDC3-1F05-4170-B531-6591855227ED}.Debug|x64.ActiveCfg = Debug|Any CPU
		{9321DDC3-1F05-4170-B531-6591855227ED}.Debug|x64.Build.0 = Debug|Any CPU
		{9321DDC3-1F05-4170-B531-6591855227ED}.Debug|x86.ActiveCfg = Debug|Any CPU
		{9321DDC3-1F05-4170-B531-6591855227ED}.Debug|x86.Build.0 = Debug|Any CPU
		{9321DDC3-1F05-4170-B531-6591855227ED}.Release|Any CPU.ActiveCfg = Release|Any CPU
		{9321DDC3-1F05-4170-B531-6591855227ED}.Release|Any CPU.Build.0 = Release|Any CPU
		{9321DDC3-1F05-4170-B531-6591855227ED}.Release|ARM64.ActiveCfg = Release|Any CPU
		{9321DDC3-1F05-4170-B531-6591855227ED}.Release|ARM64.Build.0 = Release|Any CPU
		{9321DDC3-1F05-4170-B531-6591855227ED}.Release|x64.ActiveCfg = Release|Any CPU
		{9321DDC3-1F05-4170-B531-6591855227ED}.Release|x64.Build.0 = Release|Any CPU
		{9321DDC3-1F05-4170-B531-6591855227ED}.Release|x86.ActiveCfg = Release|Any CPU
		{9321DDC3-1F05-4170-B531-6591855227ED}.Release|x86.Build.0 = Release|Any CPU
		{59B1DE43-95EC-4AF6-B1A6-50E7BC6BE0DA}.Debug|Any CPU.ActiveCfg = Debug|Any CPU
		{59B1DE43-95EC-4AF6-B1A6-50E7BC6BE0DA}.Debug|Any CPU.Build.0 = Debug|Any CPU
		{59B1DE43-95EC-4AF6-B1A6-50E7BC6BE0DA}.Debug|ARM64.ActiveCfg = Debug|Any CPU
		{59B1DE43-95EC-4AF6-B1A6-50E7BC6BE0DA}.Debug|ARM64.Build.0 = Debug|Any CPU
		{59B1DE43-95EC-4AF6-B1A6-50E7BC6BE0DA}.Debug|x64.ActiveCfg = Debug|Any CPU
		{59B1DE43-95EC-4AF6-B1A6-50E7BC6BE0DA}.Debug|x64.Build.0 = Debug|Any CPU
		{59B1DE43-95EC-4AF6-B1A6-50E7BC6BE0DA}.Debug|x86.ActiveCfg = Debug|Any CPU
		{59B1DE43-95EC-4AF6-B1A6-50E7BC6BE0DA}.Debug|x86.Build.0 = Debug|Any CPU
		{59B1DE43-95EC-4AF6-B1A6-50E7BC6BE0DA}.Release|Any CPU.ActiveCfg = Release|Any CPU
		{59B1DE43-95EC-4AF6-B1A6-50E7BC6BE0DA}.Release|Any CPU.Build.0 = Release|Any CPU
		{59B1DE43-95EC-4AF6-B1A6-50E7BC6BE0DA}.Release|ARM64.ActiveCfg = Release|Any CPU
		{59B1DE43-95EC-4AF6-B1A6-50E7BC6BE0DA}.Release|ARM64.Build.0 = Release|Any CPU
		{59B1DE43-95EC-4AF6-B1A6-50E7BC6BE0DA}.Release|x64.ActiveCfg = Release|Any CPU
		{59B1DE43-95EC-4AF6-B1A6-50E7BC6BE0DA}.Release|x64.Build.0 = Release|Any CPU
		{59B1DE43-95EC-4AF6-B1A6-50E7BC6BE0DA}.Release|x86.ActiveCfg = Release|Any CPU
		{59B1DE43-95EC-4AF6-B1A6-50E7BC6BE0DA}.Release|x86.Build.0 = Release|Any CPU
		{9B84640E-D347-46A1-B02E-D13A48DF92D5}.Debug|Any CPU.ActiveCfg = Debug|Any CPU
		{9B84640E-D347-46A1-B02E-D13A48DF92D5}.Debug|Any CPU.Build.0 = Debug|Any CPU
		{9B84640E-D347-46A1-B02E-D13A48DF92D5}.Debug|ARM64.ActiveCfg = Debug|Any CPU
		{9B84640E-D347-46A1-B02E-D13A48DF92D5}.Debug|ARM64.Build.0 = Debug|Any CPU
		{9B84640E-D347-46A1-B02E-D13A48DF92D5}.Debug|x64.ActiveCfg = Debug|Any CPU
		{9B84640E-D347-46A1-B02E-D13A48DF92D5}.Debug|x64.Build.0 = Debug|Any CPU
		{9B84640E-D347-46A1-B02E-D13A48DF92D5}.Debug|x86.ActiveCfg = Debug|Any CPU
		{9B84640E-D347-46A1-B02E-D13A48DF92D5}.Debug|x86.Build.0 = Debug|Any CPU
		{9B84640E-D347-46A1-B02E-D13A48DF92D5}.Release|Any CPU.ActiveCfg = Release|Any CPU
		{9B84640E-D347-46A1-B02E-D13A48DF92D5}.Release|Any CPU.Build.0 = Release|Any CPU
		{9B84640E-D347-46A1-B02E-D13A48DF92D5}.Release|ARM64.ActiveCfg = Release|Any CPU
		{9B84640E-D347-46A1-B02E-D13A48DF92D5}.Release|ARM64.Build.0 = Release|Any CPU
		{9B84640E-D347-46A1-B02E-D13A48DF92D5}.Release|x64.ActiveCfg = Release|Any CPU
		{9B84640E-D347-46A1-B02E-D13A48DF92D5}.Release|x64.Build.0 = Release|Any CPU
		{9B84640E-D347-46A1-B02E-D13A48DF92D5}.Release|x86.ActiveCfg = Release|Any CPU
		{9B84640E-D347-46A1-B02E-D13A48DF92D5}.Release|x86.Build.0 = Release|Any CPU
		{F83BCA38-6C94-4137-84D4-54E08ADED14F}.Debug|Any CPU.ActiveCfg = Debug|Any CPU
		{F83BCA38-6C94-4137-84D4-54E08ADED14F}.Debug|Any CPU.Build.0 = Debug|Any CPU
		{F83BCA38-6C94-4137-84D4-54E08ADED14F}.Debug|ARM64.ActiveCfg = Debug|Any CPU
		{F83BCA38-6C94-4137-84D4-54E08ADED14F}.Debug|ARM64.Build.0 = Debug|Any CPU
		{F83BCA38-6C94-4137-84D4-54E08ADED14F}.Debug|x64.ActiveCfg = Debug|Any CPU
		{F83BCA38-6C94-4137-84D4-54E08ADED14F}.Debug|x64.Build.0 = Debug|Any CPU
		{F83BCA38-6C94-4137-84D4-54E08ADED14F}.Debug|x86.ActiveCfg = Debug|Any CPU
		{F83BCA38-6C94-4137-84D4-54E08ADED14F}.Debug|x86.Build.0 = Debug|Any CPU
		{F83BCA38-6C94-4137-84D4-54E08ADED14F}.Release|Any CPU.ActiveCfg = Release|Any CPU
		{F83BCA38-6C94-4137-84D4-54E08ADED14F}.Release|Any CPU.Build.0 = Release|Any CPU
		{F83BCA38-6C94-4137-84D4-54E08ADED14F}.Release|ARM64.ActiveCfg = Release|Any CPU
		{F83BCA38-6C94-4137-84D4-54E08ADED14F}.Release|ARM64.Build.0 = Release|Any CPU
		{F83BCA38-6C94-4137-84D4-54E08ADED14F}.Release|x64.ActiveCfg = Release|Any CPU
		{F83BCA38-6C94-4137-84D4-54E08ADED14F}.Release|x64.Build.0 = Release|Any CPU
		{F83BCA38-6C94-4137-84D4-54E08ADED14F}.Release|x86.ActiveCfg = Release|Any CPU
		{F83BCA38-6C94-4137-84D4-54E08ADED14F}.Release|x86.Build.0 = Release|Any CPU
		{EDB17315-F8FC-481F-861E-3BFBC990D6AC}.Debug|Any CPU.ActiveCfg = Debug|Any CPU
		{EDB17315-F8FC-481F-861E-3BFBC990D6AC}.Debug|Any CPU.Build.0 = Debug|Any CPU
		{EDB17315-F8FC-481F-861E-3BFBC990D6AC}.Debug|ARM64.ActiveCfg = Debug|Any CPU
		{EDB17315-F8FC-481F-861E-3BFBC990D6AC}.Debug|ARM64.Build.0 = Debug|Any CPU
		{EDB17315-F8FC-481F-861E-3BFBC990D6AC}.Debug|x64.ActiveCfg = Debug|Any CPU
		{EDB17315-F8FC-481F-861E-3BFBC990D6AC}.Debug|x64.Build.0 = Debug|Any CPU
		{EDB17315-F8FC-481F-861E-3BFBC990D6AC}.Debug|x86.ActiveCfg = Debug|Any CPU
		{EDB17315-F8FC-481F-861E-3BFBC990D6AC}.Debug|x86.Build.0 = Debug|Any CPU
		{EDB17315-F8FC-481F-861E-3BFBC990D6AC}.Release|Any CPU.ActiveCfg = Release|Any CPU
		{EDB17315-F8FC-481F-861E-3BFBC990D6AC}.Release|Any CPU.Build.0 = Release|Any CPU
		{EDB17315-F8FC-481F-861E-3BFBC990D6AC}.Release|ARM64.ActiveCfg = Release|Any CPU
		{EDB17315-F8FC-481F-861E-3BFBC990D6AC}.Release|ARM64.Build.0 = Release|Any CPU
		{EDB17315-F8FC-481F-861E-3BFBC990D6AC}.Release|x64.ActiveCfg = Release|Any CPU
		{EDB17315-F8FC-481F-861E-3BFBC990D6AC}.Release|x64.Build.0 = Release|Any CPU
		{EDB17315-F8FC-481F-861E-3BFBC990D6AC}.Release|x86.ActiveCfg = Release|Any CPU
		{EDB17315-F8FC-481F-861E-3BFBC990D6AC}.Release|x86.Build.0 = Release|Any CPU
		{DEDF4E09-D91A-4D7D-ACD1-A99603B44A97}.Debug|Any CPU.ActiveCfg = Debug|Any CPU
		{DEDF4E09-D91A-4D7D-ACD1-A99603B44A97}.Debug|Any CPU.Build.0 = Debug|Any CPU
		{DEDF4E09-D91A-4D7D-ACD1-A99603B44A97}.Debug|ARM64.ActiveCfg = Debug|Any CPU
		{DEDF4E09-D91A-4D7D-ACD1-A99603B44A97}.Debug|ARM64.Build.0 = Debug|Any CPU
		{DEDF4E09-D91A-4D7D-ACD1-A99603B44A97}.Debug|x64.ActiveCfg = Debug|Any CPU
		{DEDF4E09-D91A-4D7D-ACD1-A99603B44A97}.Debug|x64.Build.0 = Debug|Any CPU
		{DEDF4E09-D91A-4D7D-ACD1-A99603B44A97}.Debug|x86.ActiveCfg = Debug|Any CPU
		{DEDF4E09-D91A-4D7D-ACD1-A99603B44A97}.Debug|x86.Build.0 = Debug|Any CPU
		{DEDF4E09-D91A-4D7D-ACD1-A99603B44A97}.Release|Any CPU.ActiveCfg = Release|Any CPU
		{DEDF4E09-D91A-4D7D-ACD1-A99603B44A97}.Release|Any CPU.Build.0 = Release|Any CPU
		{DEDF4E09-D91A-4D7D-ACD1-A99603B44A97}.Release|ARM64.ActiveCfg = Release|Any CPU
		{DEDF4E09-D91A-4D7D-ACD1-A99603B44A97}.Release|ARM64.Build.0 = Release|Any CPU
		{DEDF4E09-D91A-4D7D-ACD1-A99603B44A97}.Release|x64.ActiveCfg = Release|Any CPU
		{DEDF4E09-D91A-4D7D-ACD1-A99603B44A97}.Release|x64.Build.0 = Release|Any CPU
		{DEDF4E09-D91A-4D7D-ACD1-A99603B44A97}.Release|x86.ActiveCfg = Release|Any CPU
		{DEDF4E09-D91A-4D7D-ACD1-A99603B44A97}.Release|x86.Build.0 = Release|Any CPU
		{1E369FE8-1194-464B-B6A7-CED223041DAF}.Debug|Any CPU.ActiveCfg = Debug|Any CPU
		{1E369FE8-1194-464B-B6A7-CED223041DAF}.Debug|Any CPU.Build.0 = Debug|Any CPU
		{1E369FE8-1194-464B-B6A7-CED223041DAF}.Debug|ARM64.ActiveCfg = Debug|Any CPU
		{1E369FE8-1194-464B-B6A7-CED223041DAF}.Debug|ARM64.Build.0 = Debug|Any CPU
		{1E369FE8-1194-464B-B6A7-CED223041DAF}.Debug|x64.ActiveCfg = Debug|Any CPU
		{1E369FE8-1194-464B-B6A7-CED223041DAF}.Debug|x64.Build.0 = Debug|Any CPU
		{1E369FE8-1194-464B-B6A7-CED223041DAF}.Debug|x86.ActiveCfg = Debug|Any CPU
		{1E369FE8-1194-464B-B6A7-CED223041DAF}.Debug|x86.Build.0 = Debug|Any CPU
		{1E369FE8-1194-464B-B6A7-CED223041DAF}.Release|Any CPU.ActiveCfg = Release|Any CPU
		{1E369FE8-1194-464B-B6A7-CED223041DAF}.Release|Any CPU.Build.0 = Release|Any CPU
		{1E369FE8-1194-464B-B6A7-CED223041DAF}.Release|ARM64.ActiveCfg = Release|Any CPU
		{1E369FE8-1194-464B-B6A7-CED223041DAF}.Release|ARM64.Build.0 = Release|Any CPU
		{1E369FE8-1194-464B-B6A7-CED223041DAF}.Release|x64.ActiveCfg = Release|Any CPU
		{1E369FE8-1194-464B-B6A7-CED223041DAF}.Release|x64.Build.0 = Release|Any CPU
		{1E369FE8-1194-464B-B6A7-CED223041DAF}.Release|x86.ActiveCfg = Release|Any CPU
		{1E369FE8-1194-464B-B6A7-CED223041DAF}.Release|x86.Build.0 = Release|Any CPU
		{63AE479C-DA0C-4B90-91FC-8E0EE82FF502}.Debug|Any CPU.ActiveCfg = Debug|Any CPU
		{63AE479C-DA0C-4B90-91FC-8E0EE82FF502}.Debug|Any CPU.Build.0 = Debug|Any CPU
		{63AE479C-DA0C-4B90-91FC-8E0EE82FF502}.Debug|ARM64.ActiveCfg = Debug|Any CPU
		{63AE479C-DA0C-4B90-91FC-8E0EE82FF502}.Debug|ARM64.Build.0 = Debug|Any CPU
		{63AE479C-DA0C-4B90-91FC-8E0EE82FF502}.Debug|x64.ActiveCfg = Debug|Any CPU
		{63AE479C-DA0C-4B90-91FC-8E0EE82FF502}.Debug|x64.Build.0 = Debug|Any CPU
		{63AE479C-DA0C-4B90-91FC-8E0EE82FF502}.Debug|x86.ActiveCfg = Debug|Any CPU
		{63AE479C-DA0C-4B90-91FC-8E0EE82FF502}.Debug|x86.Build.0 = Debug|Any CPU
		{63AE479C-DA0C-4B90-91FC-8E0EE82FF502}.Release|Any CPU.ActiveCfg = Release|Any CPU
		{63AE479C-DA0C-4B90-91FC-8E0EE82FF502}.Release|Any CPU.Build.0 = Release|Any CPU
		{63AE479C-DA0C-4B90-91FC-8E0EE82FF502}.Release|ARM64.ActiveCfg = Release|Any CPU
		{63AE479C-DA0C-4B90-91FC-8E0EE82FF502}.Release|ARM64.Build.0 = Release|Any CPU
		{63AE479C-DA0C-4B90-91FC-8E0EE82FF502}.Release|x64.ActiveCfg = Release|Any CPU
		{63AE479C-DA0C-4B90-91FC-8E0EE82FF502}.Release|x64.Build.0 = Release|Any CPU
		{63AE479C-DA0C-4B90-91FC-8E0EE82FF502}.Release|x86.ActiveCfg = Release|Any CPU
		{63AE479C-DA0C-4B90-91FC-8E0EE82FF502}.Release|x86.Build.0 = Release|Any CPU
		{FB832E22-FC05-4C70-956B-5DD3C9BB27F5}.Debug|Any CPU.ActiveCfg = Debug|Any CPU
		{FB832E22-FC05-4C70-956B-5DD3C9BB27F5}.Debug|Any CPU.Build.0 = Debug|Any CPU
		{FB832E22-FC05-4C70-956B-5DD3C9BB27F5}.Debug|ARM64.ActiveCfg = Debug|Any CPU
		{FB832E22-FC05-4C70-956B-5DD3C9BB27F5}.Debug|ARM64.Build.0 = Debug|Any CPU
		{FB832E22-FC05-4C70-956B-5DD3C9BB27F5}.Debug|x64.ActiveCfg = Debug|Any CPU
		{FB832E22-FC05-4C70-956B-5DD3C9BB27F5}.Debug|x64.Build.0 = Debug|Any CPU
		{FB832E22-FC05-4C70-956B-5DD3C9BB27F5}.Debug|x86.ActiveCfg = Debug|Any CPU
		{FB832E22-FC05-4C70-956B-5DD3C9BB27F5}.Debug|x86.Build.0 = Debug|Any CPU
		{FB832E22-FC05-4C70-956B-5DD3C9BB27F5}.Release|Any CPU.ActiveCfg = Release|Any CPU
		{FB832E22-FC05-4C70-956B-5DD3C9BB27F5}.Release|Any CPU.Build.0 = Release|Any CPU
		{FB832E22-FC05-4C70-956B-5DD3C9BB27F5}.Release|ARM64.ActiveCfg = Release|Any CPU
		{FB832E22-FC05-4C70-956B-5DD3C9BB27F5}.Release|ARM64.Build.0 = Release|Any CPU
		{FB832E22-FC05-4C70-956B-5DD3C9BB27F5}.Release|x64.ActiveCfg = Release|Any CPU
		{FB832E22-FC05-4C70-956B-5DD3C9BB27F5}.Release|x64.Build.0 = Release|Any CPU
		{FB832E22-FC05-4C70-956B-5DD3C9BB27F5}.Release|x86.ActiveCfg = Release|Any CPU
		{FB832E22-FC05-4C70-956B-5DD3C9BB27F5}.Release|x86.Build.0 = Release|Any CPU
	EndGlobalSection
	GlobalSection(SolutionProperties) = preSolution
		HideSolutionNode = FALSE
	EndGlobalSection
	GlobalSection(ExtensibilityGlobals) = postSolution
		SolutionGuid = {31230476-C4D9-4A22-95A8-8156A3E5580F}
	EndGlobalSection
EndGlobal
